PODS:
  - PagedCollectionView (0.2)

DEPENDENCIES:
  - PagedCollectionView (from `../`)

EXTERNAL SOURCES:
  PagedCollectionView:
    :path: "../"

SPEC CHECKSUMS:
  PagedCollectionView: f760f97b1c61d3ea675e48ca99d07e202d0c0976

PODFILE CHECKSUM: 44e03e812253dd0cdb11681a85e60cb9dd467ffc

COCOAPODS: 1.1.1
